
Microsoft Visual Studio Solution File, Format Version 12.00
# Visual Studio 15
VisualStudioVersion = 15.0.28010.2036
MinimumVisualStudioVersion = 10.0.40219.1
Project("{FAE04EC0-301F-11D3-BF4B-00C04F79EFBC}") = "SamuraiApp.Dominio", "SamuraiApp.Dominio\SamuraiApp.Dominio.csproj", "{3509F9BA-A4D7-4619-860B-D3E6AB210352}"
EndProject
Project("{FAE04EC0-301F-11D3-BF4B-00C04F79EFBC}") = "SamuraiApp.Dados", "SamuraiApp.Dados\SamuraiApp.Dados.csproj", "{1C51B963-EB46-4397-949E-86EA98767245}"
EndProject
Project("{FAE04EC0-301F-11D3-BF4B-00C04F79EFBC}") = "SomeUI", "SomeUI\SomeUI.csproj", "{026FAFDE-B47F-4EAB-A91F-F966E71C0F45}"
EndProject
Global
	GlobalSection(SolutionConfigurationPlatforms) = preSolution
		Debug|Any CPU = Debug|Any CPU
		Release|Any CPU = Release|Any CPU
	EndGlobalSection
	GlobalSection(ProjectConfigurationPlatforms) = postSolution
		{3509F9BA-A4D7-4619-860B-D3E6AB210352}.Debug|Any CPU.ActiveCfg = Debug|Any CPU
		{3509F9BA-A4D7-4619-860B-D3E6AB210352}.Debug|Any CPU.Build.0 = Debug|Any CPU
		{3509F9BA-A4D7-4619-860B-D3E6AB210352}.Release|Any CPU.ActiveCfg = Release|Any CPU
		{3509F9BA-A4D7-4619-860B-D3E6AB210352}.Release|Any CPU.Build.0 = Release|Any CPU
		{1C51B963-EB46-4397-949E-86EA98767245}.Debug|Any CPU.ActiveCfg = Debug|Any CPU
		{1C51B963-EB46-4397-949E-86EA98767245}.Debug|Any CPU.Build.0 = Debug|Any CPU
		{1C51B963-EB46-4397-949E-86EA98767245}.Release|Any CPU.ActiveCfg = Release|Any CPU
		{1C51B963-EB46-4397-949E-86EA98767245}.Release|Any CPU.Build.0 = Release|Any CPU
		{026FAFDE-B47F-4EAB-A91F-F966E71C0F45}.Debug|Any CPU.ActiveCfg = Debug|Any CPU
		{026FAFDE-B47F-4EAB-A91F-F966E71C0F45}.Debug|Any CPU.Build.0 = Debug|Any CPU
		{026FAFDE-B47F-4EAB-A91F-F966E71C0F45}.Release|Any CPU.ActiveCfg = Release|Any CPU
		{026FAFDE-B47F-4EAB-A91F-F966E71C0F45}.Release|Any CPU.Build.0 = Release|Any CPU
	EndGlobalSection
	GlobalSection(SolutionProperties) = preSolution
		HideSolutionNode = FALSE
	EndGlobalSection
	GlobalSection(ExtensibilityGlobals) = postSolution
		SolutionGuid = {E5D501DE-8D33-4C09-B927-1CB68B876EEB}
	EndGlobalSection
EndGlobal
